{
  "name": "dictParam.interp",
  "lockfileVersion": 2,
  "requires": true,
  "packages": {
    "": {
      "dependencies": {
        "easing": "^1.2.1"
      }
    },
    "node_modules/easing": {
      "version": "1.2.1",
      "resolved": "https://registry.npmjs.org/easing/-/easing-1.2.1.tgz",
      "integrity": "sha512-1cM4eo9+zROni70hK7veHvLiywog86oS5xISNuS8Pyrn5PZQxdWutbElvfNjugN/FZoiiZAJFjyVOeUfrWnryg=="
    }
  },
  "dependencies": {
    "easing": {
      "version": "1.2.1",
      "resolved": "https://registry.npmjs.org/easing/-/easing-1.2.1.tgz",
      "integrity": "sha512-1cM4eo9+zROni70hK7veHvLiywog86oS5xISNuS8Pyrn5PZQxdWutbElvfNjugN/FZoiiZAJFjyVOeUfrWnryg=="
    }
  }
}
